
Microsoft Visual Studio Solution File, Format Version 12.00
# Visual Studio Version 17
VisualStudioVersion = 17.9.34728.123
MinimumVisualStudioVersion = 10.0.40219.1
Project("{9A19103F-16F7-4668-BE54-9A1E7A4F7556}") = "WintunWrapper", "WintunWrapper\WintunWrapper.csproj", "{75179950-AEF7-4F5D-9CB0-D26CFC36061A}"
EndProject
Project("{FAE04EC0-301F-11D3-BF4B-00C04F79EFBC}") = "TestConsole", "TestConsole\TestConsole.csproj", "{D0C6EEEC-1163-4AB5-B3E8-BEB81D3EB224}"
EndProject
Global
	GlobalSection(SolutionConfigurationPlatforms) = preSolution
		Debug|Any CPU = Debug|Any CPU
		Debug|x64 = Debug|x64
		Release|Any CPU = Release|Any CPU
		Release|x64 = Release|x64
	EndGlobalSection
	GlobalSection(ProjectConfigurationPlatforms) = postSolution
		{75179950-AEF7-4F5D-9CB0-D26CFC36061A}.Debug|Any CPU.ActiveCfg = Debug|Any CPU
		{75179950-AEF7-4F5D-9CB0-D26CFC36061A}.Debug|Any CPU.Build.0 = Debug|Any CPU
		{75179950-AEF7-4F5D-9CB0-D26CFC36061A}.Debug|x64.ActiveCfg = Debug|x64
		{75179950-AEF7-4F5D-9CB0-D26CFC36061A}.Debug|x64.Build.0 = Debug|x64
		{75179950-AEF7-4F5D-9CB0-D26CFC36061A}.Release|Any CPU.ActiveCfg = Release|Any CPU
		{75179950-AEF7-4F5D-9CB0-D26CFC36061A}.Release|Any CPU.Build.0 = Release|Any CPU
		{75179950-AEF7-4F5D-9CB0-D26CFC36061A}.Release|x64.ActiveCfg = Release|x64
		{75179950-AEF7-4F5D-9CB0-D26CFC36061A}.Release|x64.Build.0 = Release|x64
		{D0C6EEEC-1163-4AB5-B3E8-BEB81D3EB224}.Debug|Any CPU.ActiveCfg = Debug|Any CPU
		{D0C6EEEC-1163-4AB5-B3E8-BEB81D3EB224}.Debug|Any CPU.Build.0 = Debug|Any CPU
		{D0C6EEEC-1163-4AB5-B3E8-BEB81D3EB224}.Debug|x64.ActiveCfg = Debug|Any CPU
		{D0C6EEEC-1163-4AB5-B3E8-BEB81D3EB224}.Debug|x64.Build.0 = Debug|Any CPU
		{D0C6EEEC-1163-4AB5-B3E8-BEB81D3EB224}.Release|Any CPU.ActiveCfg = Release|Any CPU
		{D0C6EEEC-1163-4AB5-B3E8-BEB81D3EB224}.Release|Any CPU.Build.0 = Release|Any CPU
		{D0C6EEEC-1163-4AB5-B3E8-BEB81D3EB224}.Release|x64.ActiveCfg = Release|Any CPU
		{D0C6EEEC-1163-4AB5-B3E8-BEB81D3EB224}.Release|x64.Build.0 = Release|Any CPU
	EndGlobalSection
	GlobalSection(SolutionProperties) = preSolution
		HideSolutionNode = FALSE
	EndGlobalSection
	GlobalSection(ExtensibilityGlobals) = postSolution
		SolutionGuid = {F644ED7D-83DF-41BC-BD1D-8EACB8AE4ADE}
	EndGlobalSection
EndGlobal
